# THIS IS AN AUTOGENERATED FILE. DO NOT EDIT THIS FILE DIRECTLY.
# yarn lockfile v1


unique-names-generator@^4.5.0:
  version "4.5.0"
  resolved "https://registry.yarnpkg.com/unique-names-generator/-/unique-names-generator-4.5.0.tgz#0da9bb5fe2bd4b86cd52c852cb4669e31fdf7e81"
  integrity sha512-GaiWvo3rKIHi1SyYP8/9cDrPMPSwEiYDUo2p0NQHeCHDXzLn8P6p8bttSS3lX7HHS3Yl5vnw/ulybO4GN85CgQ==

uuid@^8.3.2:
  version "8.3.2"
  resolved "https://registry.yarnpkg.com/uuid/-/uuid-8.3.2.tgz#80d5b5ced271bb9af6c445f21a1a04c606cefbe2"
  integrity sha512-+NYs2QeMWy+GWFOEm9xnn6HCDp0l7QBD7ml8zLUmJ+93Q5NF0NocErnwkTkXVFNiX3/fpC6afS8Dhb/gz7R7eg==

ws@^7.4.6:
  version "7.4.6"
  resolved "https://registry.yarnpkg.com/ws/-/ws-7.4.6.tgz#5654ca8ecdeee47c33a9a4bf6d28e2be2980377c"
  integrity sha512-YmhHDO4MzaDLB+M9ym/mDA5z0naX8j7SIlT8f8z+I0VtzsRbekxEutHSme7NPS2qE8StCYQNUnfWdXta/Yu85A==
